
Microsoft Visual Studio Solution File, Format Version 12.00
# Visual Studio Version 16
VisualStudioVersion = 16.0.29318.209
MinimumVisualStudioVersion = 10.0.40219.1
Project("{FAE04EC0-301F-11D3-BF4B-00C04F79EFBC}") = "Authorization", "Authorization\Authorization.csproj", "{ED1F1B9F-BAA8-4413-A9E3-4FBCF5ADE24F}"
EndProject
Project("{FAE04EC0-301F-11D3-BF4B-00C04F79EFBC}") = "Tests", "Tests\Tests.csproj", "{565078FB-5FA8-4EE7-A9A6-5FDA6A267445}"
EndProject
Project("{FAE04EC0-301F-11D3-BF4B-00C04F79EFBC}") = "Client", "Client\Client.csproj", "{A3AF4172-B701-4F75-9241-385CE9D18C1C}"
EndProject
Project("{FAE04EC0-301F-11D3-BF4B-00C04F79EFBC}") = "Framework", "Framework\Framework.csproj", "{C91E418B-FD26-4ED2-BF71-70D3F989AEAE}"
EndProject
Global
	GlobalSection(SolutionConfigurationPlatforms) = preSolution
		Debug|Any CPU = Debug|Any CPU
		Release|Any CPU = Release|Any CPU
	EndGlobalSection
	GlobalSection(ProjectConfigurationPlatforms) = postSolution
		{ED1F1B9F-BAA8-4413-A9E3-4FBCF5ADE24F}.Debug|Any CPU.ActiveCfg = Debug|Any CPU
		{ED1F1B9F-BAA8-4413-A9E3-4FBCF5ADE24F}.Debug|Any CPU.Build.0 = Debug|Any CPU
		{ED1F1B9F-BAA8-4413-A9E3-4FBCF5ADE24F}.Release|Any CPU.ActiveCfg = Release|Any CPU
		{ED1F1B9F-BAA8-4413-A9E3-4FBCF5ADE24F}.Release|Any CPU.Build.0 = Release|Any CPU
		{565078FB-5FA8-4EE7-A9A6-5FDA6A267445}.Debug|Any CPU.ActiveCfg = Debug|Any CPU
		{565078FB-5FA8-4EE7-A9A6-5FDA6A267445}.Debug|Any CPU.Build.0 = Debug|Any CPU
		{565078FB-5FA8-4EE7-A9A6-5FDA6A267445}.Release|Any CPU.ActiveCfg = Release|Any CPU
		{565078FB-5FA8-4EE7-A9A6-5FDA6A267445}.Release|Any CPU.Build.0 = Release|Any CPU
		{A3AF4172-B701-4F75-9241-385CE9D18C1C}.Debug|Any CPU.ActiveCfg = Debug|Any CPU
		{A3AF4172-B701-4F75-9241-385CE9D18C1C}.Debug|Any CPU.Build.0 = Debug|Any CPU
		{A3AF4172-B701-4F75-9241-385CE9D18C1C}.Release|Any CPU.ActiveCfg = Release|Any CPU
		{A3AF4172-B701-4F75-9241-385CE9D18C1C}.Release|Any CPU.Build.0 = Release|Any CPU
		{C91E418B-FD26-4ED2-BF71-70D3F989AEAE}.Debug|Any CPU.ActiveCfg = Debug|Any CPU
		{C91E418B-FD26-4ED2-BF71-70D3F989AEAE}.Debug|Any CPU.Build.0 = Debug|Any CPU
		{C91E418B-FD26-4ED2-BF71-70D3F989AEAE}.Release|Any CPU.ActiveCfg = Release|Any CPU
		{C91E418B-FD26-4ED2-BF71-70D3F989AEAE}.Release|Any CPU.Build.0 = Release|Any CPU
	EndGlobalSection
	GlobalSection(SolutionProperties) = preSolution
		HideSolutionNode = FALSE
	EndGlobalSection
	GlobalSection(ExtensibilityGlobals) = postSolution
		SolutionGuid = {6E288C9F-E70C-47DA-8481-32E896828543}
	EndGlobalSection
EndGlobal
