
Microsoft Visual Studio Solution File, Format Version 12.00
# Visual Studio Version 16
VisualStudioVersion = 16.0.29324.140
MinimumVisualStudioVersion = 10.0.40219.1
Project("{FAE04EC0-301F-11D3-BF4B-00C04F79EFBC}") = "FormattableString", "FormattableString\FormattableString.csproj", "{E4B9C254-5D0F-4064-A2C6-BB5F977F62BE}"
EndProject
Global
	GlobalSection(SolutionConfigurationPlatforms) = preSolution
		Debug|Any CPU = Debug|Any CPU
		Release|Any CPU = Release|Any CPU
	EndGlobalSection
	GlobalSection(ProjectConfigurationPlatforms) = postSolution
		{E4B9C254-5D0F-4064-A2C6-BB5F977F62BE}.Debug|Any CPU.ActiveCfg = Debug|Any CPU
		{E4B9C254-5D0F-4064-A2C6-BB5F977F62BE}.Debug|Any CPU.Build.0 = Debug|Any CPU
		{E4B9C254-5D0F-4064-A2C6-BB5F977F62BE}.Release|Any CPU.ActiveCfg = Release|Any CPU
		{E4B9C254-5D0F-4064-A2C6-BB5F977F62BE}.Release|Any CPU.Build.0 = Release|Any CPU
	EndGlobalSection
	GlobalSection(SolutionProperties) = preSolution
		HideSolutionNode = FALSE
	EndGlobalSection
	GlobalSection(ExtensibilityGlobals) = postSolution
		SolutionGuid = {D57A2B96-C503-417B-B606-CE8A4D57660A}
	EndGlobalSection
EndGlobal
