
Microsoft Visual Studio Solution File, Format Version 12.00
# Visual Studio Version 16
VisualStudioVersion = 16.0.29306.81
MinimumVisualStudioVersion = 10.0.40219.1
Project("{2150E333-8FDC-42A3-9474-1A3956D46DE8}") = "Solution Items", "Solution Items", "{04409DFA-19E6-43C2-9C93-11030D2B0F66}"
	ProjectSection(SolutionItems) = preProject
		_readme.txt = _readme.txt
	EndProjectSection
EndProject
Global
	GlobalSection(SolutionProperties) = preSolution
		HideSolutionNode = FALSE
	EndGlobalSection
	GlobalSection(ExtensibilityGlobals) = postSolution
		SolutionGuid = {A52AB849-F3E9-4D56-B7D4-CD7B54943A12}
	EndGlobalSection
EndGlobal
