
Microsoft Visual Studio Solution File, Format Version 12.00
# Visual Studio Version 16
VisualStudioVersion = 16.0.29318.209
MinimumVisualStudioVersion = 10.0.40219.1
Project("{FAE04EC0-301F-11D3-BF4B-00C04F79EFBC}") = "UpgradeSN7Datanase", "UpgradeSN7Datanase\UpgradeSN7Datanase.csproj", "{441B898B-D24E-451A-89D0-1830B7F310DE}"
EndProject
Global
	GlobalSection(SolutionConfigurationPlatforms) = preSolution
		Debug|Any CPU = Debug|Any CPU
		Release|Any CPU = Release|Any CPU
	EndGlobalSection
	GlobalSection(ProjectConfigurationPlatforms) = postSolution
		{441B898B-D24E-451A-89D0-1830B7F310DE}.Debug|Any CPU.ActiveCfg = Debug|Any CPU
		{441B898B-D24E-451A-89D0-1830B7F310DE}.Debug|Any CPU.Build.0 = Debug|Any CPU
		{441B898B-D24E-451A-89D0-1830B7F310DE}.Release|Any CPU.ActiveCfg = Release|Any CPU
		{441B898B-D24E-451A-89D0-1830B7F310DE}.Release|Any CPU.Build.0 = Release|Any CPU
	EndGlobalSection
	GlobalSection(SolutionProperties) = preSolution
		HideSolutionNode = FALSE
	EndGlobalSection
	GlobalSection(ExtensibilityGlobals) = postSolution
		SolutionGuid = {96E70E7D-DAAA-499E-AFEE-76CFCFF71217}
	EndGlobalSection
EndGlobal
